
Microsoft Visual Studio Solution File, Format Version 12.00
Project("{FAE04EC0-301F-11D3-BF4B-00C04F79EFBC}") = "Records.Shared.Http", "Shared\Records.Shared.Http\Records.Shared.Http.csproj", "{A9B0D132-1D85-4A62-9857-3905FEF76EB5}"
EndProject
Project("{2150E333-8FDC-42A3-9474-1A3956D46DE8}") = "Shared", "Shared", "{2D7BCDB5-7798-4A35-B8FA-A27762D78780}"
EndProject
Project("{2150E333-8FDC-42A3-9474-1A3956D46DE8}") = "Persons", "Persons", "{54D5B6F6-1E34-4DED-BBD8-6EF577D8F0E3}"
EndProject
Project("{FAE04EC0-301F-11D3-BF4B-00C04F79EFBC}") = "Records.Persons.Api.V1", "Persons\Records.Persons.Api.V1\Records.Persons.Api.V1.csproj", "{D8D08800-7B89-4051-AE8F-1873DCF20866}"
EndProject
Project("{2150E333-8FDC-42A3-9474-1A3956D46DE8}") = "Api", "Api", "{6E8DBCDC-3C1F-4009-B8CC-E20CCF3A19E3}"
EndProject
Project("{FAE04EC0-301F-11D3-BF4B-00C04F79EFBC}") = "Records.Persons.Api.V1.Entities", "Persons\Records.Persons.Api.V1.Entities\Records.Persons.Api.V1.Entities.csproj", "{E2326D33-E114-474A-849B-46333617B96B}"
EndProject
Project("{2150E333-8FDC-42A3-9474-1A3956D46DE8}") = "Business", "Business", "{D0E4FC3E-08A9-4663-8660-E69DB1C9AFB2}"
EndProject
Project("{2150E333-8FDC-42A3-9474-1A3956D46DE8}") = "Data", "Data", "{2AAE362D-E2EA-4BF8-9031-395294CD5493}"
EndProject
Project("{FAE04EC0-301F-11D3-BF4B-00C04F79EFBC}") = "Records.Persons.Business", "Persons\Records.Persons.Business\Records.Persons.Business.csproj", "{735356A5-2E40-4646-A482-F23435D14A26}"
EndProject
Project("{FAE04EC0-301F-11D3-BF4B-00C04F79EFBC}") = "Records.Persons.Data", "Persons\Records.Persons.Data\Records.Persons.Data.csproj", "{4C3CCF85-B590-4B29-BF1E-6D102519957F}"
EndProject
Project("{2150E333-8FDC-42A3-9474-1A3956D46DE8}") = "Shared", "Shared", "{F8341D1C-C42C-49D6-B951-0B67B7025DC2}"
EndProject
Project("{FAE04EC0-301F-11D3-BF4B-00C04F79EFBC}") = "Records.Persons.Shared.Entities", "Persons\Records.Persons.Shared.Entities\Records.Persons.Shared.Entities.csproj", "{3E237C81-E076-42E4-876F-1DC225536AD1}"
EndProject
Project("{FAE04EC0-301F-11D3-BF4B-00C04F79EFBC}") = "Records.Shared.Entities", "Shared\Records.Shared.Entities\Records.Shared.Entities.csproj", "{D256E781-5900-4931-8852-E94044A3C7DB}"
EndProject
Project("{FAE04EC0-301F-11D3-BF4B-00C04F79EFBC}") = "Records.Persons.Shared.Configuration.DependencyInjection", "Persons\Records.Persons.Shared.Configuration.DependencyInjection\Records.Persons.Shared.Configuration.DependencyInjection.csproj", "{E07F2D4B-59CE-4190-8A34-0AAE59D439FE}"
EndProject
Project("{FAE04EC0-301F-11D3-BF4B-00C04F79EFBC}") = "Records.Shared.Serilog.DependencyInjection", "Shared\Records.Shared.Serilog.DependencyInjection\Records.Shared.Serilog.DependencyInjection.csproj", "{8BEDF513-DAFF-498F-B94A-D4BD77D8F64D}"
EndProject
Global
	GlobalSection(SolutionConfigurationPlatforms) = preSolution
		Debug|Any CPU = Debug|Any CPU
		Release|Any CPU = Release|Any CPU
	EndGlobalSection
	GlobalSection(ProjectConfigurationPlatforms) = postSolution
		{A9B0D132-1D85-4A62-9857-3905FEF76EB5}.Debug|Any CPU.ActiveCfg = Debug|Any CPU
		{A9B0D132-1D85-4A62-9857-3905FEF76EB5}.Debug|Any CPU.Build.0 = Debug|Any CPU
		{A9B0D132-1D85-4A62-9857-3905FEF76EB5}.Release|Any CPU.ActiveCfg = Release|Any CPU
		{A9B0D132-1D85-4A62-9857-3905FEF76EB5}.Release|Any CPU.Build.0 = Release|Any CPU
		{D8D08800-7B89-4051-AE8F-1873DCF20866}.Debug|Any CPU.ActiveCfg = Debug|Any CPU
		{D8D08800-7B89-4051-AE8F-1873DCF20866}.Debug|Any CPU.Build.0 = Debug|Any CPU
		{D8D08800-7B89-4051-AE8F-1873DCF20866}.Release|Any CPU.ActiveCfg = Release|Any CPU
		{D8D08800-7B89-4051-AE8F-1873DCF20866}.Release|Any CPU.Build.0 = Release|Any CPU
		{E2326D33-E114-474A-849B-46333617B96B}.Debug|Any CPU.ActiveCfg = Debug|Any CPU
		{E2326D33-E114-474A-849B-46333617B96B}.Debug|Any CPU.Build.0 = Debug|Any CPU
		{E2326D33-E114-474A-849B-46333617B96B}.Release|Any CPU.ActiveCfg = Release|Any CPU
		{E2326D33-E114-474A-849B-46333617B96B}.Release|Any CPU.Build.0 = Release|Any CPU
		{735356A5-2E40-4646-A482-F23435D14A26}.Debug|Any CPU.ActiveCfg = Debug|Any CPU
		{735356A5-2E40-4646-A482-F23435D14A26}.Debug|Any CPU.Build.0 = Debug|Any CPU
		{735356A5-2E40-4646-A482-F23435D14A26}.Release|Any CPU.ActiveCfg = Release|Any CPU
		{735356A5-2E40-4646-A482-F23435D14A26}.Release|Any CPU.Build.0 = Release|Any CPU
		{4C3CCF85-B590-4B29-BF1E-6D102519957F}.Debug|Any CPU.ActiveCfg = Debug|Any CPU
		{4C3CCF85-B590-4B29-BF1E-6D102519957F}.Debug|Any CPU.Build.0 = Debug|Any CPU
		{4C3CCF85-B590-4B29-BF1E-6D102519957F}.Release|Any CPU.ActiveCfg = Release|Any CPU
		{4C3CCF85-B590-4B29-BF1E-6D102519957F}.Release|Any CPU.Build.0 = Release|Any CPU
		{3E237C81-E076-42E4-876F-1DC225536AD1}.Debug|Any CPU.ActiveCfg = Debug|Any CPU
		{3E237C81-E076-42E4-876F-1DC225536AD1}.Debug|Any CPU.Build.0 = Debug|Any CPU
		{3E237C81-E076-42E4-876F-1DC225536AD1}.Release|Any CPU.ActiveCfg = Release|Any CPU
		{3E237C81-E076-42E4-876F-1DC225536AD1}.Release|Any CPU.Build.0 = Release|Any CPU
		{D256E781-5900-4931-8852-E94044A3C7DB}.Debug|Any CPU.ActiveCfg = Debug|Any CPU
		{D256E781-5900-4931-8852-E94044A3C7DB}.Debug|Any CPU.Build.0 = Debug|Any CPU
		{D256E781-5900-4931-8852-E94044A3C7DB}.Release|Any CPU.ActiveCfg = Release|Any CPU
		{D256E781-5900-4931-8852-E94044A3C7DB}.Release|Any CPU.Build.0 = Release|Any CPU
		{E07F2D4B-59CE-4190-8A34-0AAE59D439FE}.Debug|Any CPU.ActiveCfg = Debug|Any CPU
		{E07F2D4B-59CE-4190-8A34-0AAE59D439FE}.Debug|Any CPU.Build.0 = Debug|Any CPU
		{E07F2D4B-59CE-4190-8A34-0AAE59D439FE}.Release|Any CPU.ActiveCfg = Release|Any CPU
		{E07F2D4B-59CE-4190-8A34-0AAE59D439FE}.Release|Any CPU.Build.0 = Release|Any CPU
		{8BEDF513-DAFF-498F-B94A-D4BD77D8F64D}.Debug|Any CPU.ActiveCfg = Debug|Any CPU
		{8BEDF513-DAFF-498F-B94A-D4BD77D8F64D}.Debug|Any CPU.Build.0 = Debug|Any CPU
		{8BEDF513-DAFF-498F-B94A-D4BD77D8F64D}.Release|Any CPU.ActiveCfg = Release|Any CPU
		{8BEDF513-DAFF-498F-B94A-D4BD77D8F64D}.Release|Any CPU.Build.0 = Release|Any CPU
	EndGlobalSection
	GlobalSection(NestedProjects) = preSolution
		{A9B0D132-1D85-4A62-9857-3905FEF76EB5} = {2D7BCDB5-7798-4A35-B8FA-A27762D78780}
		{6E8DBCDC-3C1F-4009-B8CC-E20CCF3A19E3} = {54D5B6F6-1E34-4DED-BBD8-6EF577D8F0E3}
		{D8D08800-7B89-4051-AE8F-1873DCF20866} = {6E8DBCDC-3C1F-4009-B8CC-E20CCF3A19E3}
		{E2326D33-E114-474A-849B-46333617B96B} = {6E8DBCDC-3C1F-4009-B8CC-E20CCF3A19E3}
		{D0E4FC3E-08A9-4663-8660-E69DB1C9AFB2} = {54D5B6F6-1E34-4DED-BBD8-6EF577D8F0E3}
		{2AAE362D-E2EA-4BF8-9031-395294CD5493} = {54D5B6F6-1E34-4DED-BBD8-6EF577D8F0E3}
		{735356A5-2E40-4646-A482-F23435D14A26} = {D0E4FC3E-08A9-4663-8660-E69DB1C9AFB2}
		{4C3CCF85-B590-4B29-BF1E-6D102519957F} = {2AAE362D-E2EA-4BF8-9031-395294CD5493}
		{F8341D1C-C42C-49D6-B951-0B67B7025DC2} = {54D5B6F6-1E34-4DED-BBD8-6EF577D8F0E3}
		{3E237C81-E076-42E4-876F-1DC225536AD1} = {F8341D1C-C42C-49D6-B951-0B67B7025DC2}
		{D256E781-5900-4931-8852-E94044A3C7DB} = {2D7BCDB5-7798-4A35-B8FA-A27762D78780}
		{E07F2D4B-59CE-4190-8A34-0AAE59D439FE} = {F8341D1C-C42C-49D6-B951-0B67B7025DC2}
		{8BEDF513-DAFF-498F-B94A-D4BD77D8F64D} = {2D7BCDB5-7798-4A35-B8FA-A27762D78780}
	EndGlobalSection
EndGlobal
